
Microsoft Visual Studio Solution File, Format Version 10.00
# Visual Studio 2008
Project("{FAE04EC0-301F-11D3-BF4B-00C04F79EFBC}") = "DemoProject", "DemoProject\DemoProject.csproj", "{9743CABE-8911-4E43-87ED-4CEEFEBE0E75}"
EndProject
Global
	GlobalSection(SolutionConfigurationPlatforms) = preSolution
		Debug|Any CPU = Debug|Any CPU
		Release|Any CPU = Release|Any CPU
	EndGlobalSection
	GlobalSection(ProjectConfigurationPlatforms) = postSolution
		{9743CABE-8911-4E43-87ED-4CEEFEBE0E75}.Debug|Any CPU.ActiveCfg = Debug|Any CPU
		{9743CABE-8911-4E43-87ED-4CEEFEBE0E75}.Debug|Any CPU.Build.0 = Debug|Any CPU
		{9743CABE-8911-4E43-87ED-4CEEFEBE0E75}.Release|Any CPU.ActiveCfg = Release|Any CPU
		{9743CABE-8911-4E43-87ED-4CEEFEBE0E75}.Release|Any CPU.Build.0 = Release|Any CPU
	EndGlobalSection
	GlobalSection(SolutionProperties) = preSolution
		HideSolutionNode = FALSE
	EndGlobalSection
EndGlobal
