
Microsoft Visual Studio Solution File, Format Version 12.00
# Visual Studio 2012
Project("{6141683F-8A12-4E36-9623-2EB02B2C2303}") = "Setup", "Setup\Setup.isproj", "{0012B9A0-10E3-44E7-9F2C-63C1E1082E9E}"
EndProject
Global
	GlobalSection(SolutionConfigurationPlatforms) = preSolution
		CD_ROM|Default = CD_ROM|Default
		DVD-5|Default = DVD-5|Default
		SingleImage|Default = SingleImage|Default
	EndGlobalSection
	GlobalSection(ProjectConfigurationPlatforms) = postSolution
		{0012B9A0-10E3-44E7-9F2C-63C1E1082E9E}.CD_ROM|Default.ActiveCfg = CD_ROM
		{0012B9A0-10E3-44E7-9F2C-63C1E1082E9E}.CD_ROM|Default.Build.0 = CD_ROM
		{0012B9A0-10E3-44E7-9F2C-63C1E1082E9E}.DVD-5|Default.ActiveCfg = DVD-5
		{0012B9A0-10E3-44E7-9F2C-63C1E1082E9E}.DVD-5|Default.Build.0 = DVD-5
		{0012B9A0-10E3-44E7-9F2C-63C1E1082E9E}.SingleImage|Default.ActiveCfg = SingleImage
		{0012B9A0-10E3-44E7-9F2C-63C1E1082E9E}.SingleImage|Default.Build.0 = SingleImage
	EndGlobalSection
	GlobalSection(SolutionProperties) = preSolution
		HideSolutionNode = FALSE
	EndGlobalSection
EndGlobal
