
Microsoft Visual Studio Solution File, Format Version 12.00
# Visual Studio 2012
Project("{FAE04EC0-301F-11D3-BF4B-00C04F79EFBC}") = "DemoProject", "DemoProject\DemoProject.csproj", "{616CB2AB-EF6C-4F2C-A8EB-462BDD0539FF}"
EndProject
Global
	GlobalSection(SolutionConfigurationPlatforms) = preSolution
		Debug|Any CPU = Debug|Any CPU
		Release|Any CPU = Release|Any CPU
	EndGlobalSection
	GlobalSection(ProjectConfigurationPlatforms) = postSolution
		{616CB2AB-EF6C-4F2C-A8EB-462BDD0539FF}.Debug|Any CPU.ActiveCfg = Debug|Any CPU
		{616CB2AB-EF6C-4F2C-A8EB-462BDD0539FF}.Debug|Any CPU.Build.0 = Debug|Any CPU
		{616CB2AB-EF6C-4F2C-A8EB-462BDD0539FF}.Release|Any CPU.ActiveCfg = Release|Any CPU
		{616CB2AB-EF6C-4F2C-A8EB-462BDD0539FF}.Release|Any CPU.Build.0 = Release|Any CPU
	EndGlobalSection
	GlobalSection(SolutionProperties) = preSolution
		HideSolutionNode = FALSE
	EndGlobalSection
EndGlobal
